<?xml version="1.0" encoding="utf-8"?>
<Project ToolsVersion="4.0" xmlns="http://schemas.microsoft.com/developer/msbuild/2003">
  <ItemGroup>
    <Filter Include="Application">
      <UniqueIdentifier>{D9DE78AF-4594-F1A4-CE88-EB7B3A3DE8A8}</UniqueIdentifier>
    </Filter>
    <Filter Include="Application\Commands">
      <UniqueIdentifier>{3A3E09CC-26CD-9295-CFEB-A690BB59A33B}</UniqueIdentifier>
    </Filter>
  </ItemGroup>
  <ItemGroup>
    <ClInclude Include="src\Application\Application.h">
      <Filter>Application</Filter>
    </ClInclude>
    <ClInclude Include="src\Application\Command.h">
      <Filter>Application</Filter>
    </ClInclude>
    <ClInclude Include="src\Application\CommandList.h">
      <Filter>Application</Filter>
    </ClInclude>
    <ClInclude Include="src\Application\Commands\DrawCommand.h">
      <Filter>Application\Commands</Filter>
    </ClInclude>
    <ClInclude Include="src\Application\Input.h">
      <Filter>Application</Filter>
    </ClInclude>
  </ItemGroup>
  <ItemGroup>
    <ClCompile Include="src\Application\Application.cpp">
      <Filter>Application</Filter>
    </ClCompile>
    <ClCompile Include="src\Application\Command.cpp">
      <Filter>Application</Filter>
    </ClCompile>
    <ClCompile Include="src\Application\CommandList.cpp">
      <Filter>Application</Filter>
    </ClCompile>
    <ClCompile Include="src\Application\Commands\DrawCommand.cpp">
      <Filter>Application\Commands</Filter>
    </ClCompile>
    <ClCompile Include="src\Application\Input.cpp">
      <Filter>Application</Filter>
    </ClCompile>
    <ClCompile Include="src\Main.cpp" />
  </ItemGroup>
</Project>